
Microsoft Visual Studio Solution File, Format Version 12.00
# Visual Studio Version 17
VisualStudioVersion = 17.8.34309.116
MinimumVisualStudioVersion = 10.0.40219.1
Project("{FAE04EC0-301F-11D3-BF4B-00C04F79EFBC}") = "ConsoleApp1", "Tic-Tac-Toe\ConsoleApp1\ConsoleApp1.csproj", "{2687C6ED-6F46-4E71-B521-8D04BC99688F}"
EndProject
Global
	GlobalSection(SolutionConfigurationPlatforms) = preSolution
		Debug|Any CPU = Debug|Any CPU
		Debug|arm64 = Debug|arm64
		Debug|x86 = Debug|x86
		Release|Any CPU = Release|Any CPU
		Release|arm64 = Release|arm64
		Release|x86 = Release|x86
	EndGlobalSection
	GlobalSection(ProjectConfigurationPlatforms) = postSolution
		{2687C6ED-6F46-4E71-B521-8D04BC99688F}.Debug|Any CPU.ActiveCfg = Debug|Any CPU
		{2687C6ED-6F46-4E71-B521-8D04BC99688F}.Debug|Any CPU.Build.0 = Debug|Any CPU
		{2687C6ED-6F46-4E71-B521-8D04BC99688F}.Debug|arm64.ActiveCfg = Debug|Any CPU
		{2687C6ED-6F46-4E71-B521-8D04BC99688F}.Debug|arm64.Build.0 = Debug|Any CPU
		{2687C6ED-6F46-4E71-B521-8D04BC99688F}.Debug|x86.ActiveCfg = Debug|Any CPU
		{2687C6ED-6F46-4E71-B521-8D04BC99688F}.Debug|x86.Build.0 = Debug|Any CPU
		{2687C6ED-6F46-4E71-B521-8D04BC99688F}.Release|Any CPU.ActiveCfg = Release|Any CPU
		{2687C6ED-6F46-4E71-B521-8D04BC99688F}.Release|Any CPU.Build.0 = Release|Any CPU
		{2687C6ED-6F46-4E71-B521-8D04BC99688F}.Release|arm64.ActiveCfg = Release|Any CPU
		{2687C6ED-6F46-4E71-B521-8D04BC99688F}.Release|arm64.Build.0 = Release|Any CPU
		{2687C6ED-6F46-4E71-B521-8D04BC99688F}.Release|x86.ActiveCfg = Release|Any CPU
		{2687C6ED-6F46-4E71-B521-8D04BC99688F}.Release|x86.Build.0 = Release|Any CPU
	EndGlobalSection
	GlobalSection(SolutionProperties) = preSolution
		HideSolutionNode = FALSE
	EndGlobalSection
	GlobalSection(ExtensibilityGlobals) = postSolution
		SolutionGuid = {850937CE-878F-4F91-AC8E-7E2B4736027B}
	EndGlobalSection
EndGlobal
